
Microsoft Visual Studio Solution File, Format Version 12.00
# Visual Studio 15
VisualStudioVersion = 15.0.26730.10
MinimumVisualStudioVersion = 10.0.40219.1
Project("{FAE04EC0-301F-11D3-BF4B-00C04F79EFBC}") = "C#", "C#.csproj", "{6114BB88-5770-496D-A3DF-36F2F3EDCC53}"
EndProject
Global
	GlobalSection(SolutionConfigurationPlatforms) = preSolution
		Debug|Any CPU = Debug|Any CPU
		Release|Any CPU = Release|Any CPU
	EndGlobalSection
	GlobalSection(ProjectConfigurationPlatforms) = postSolution
		{6114BB88-5770-496D-A3DF-36F2F3EDCC53}.Debug|Any CPU.ActiveCfg = Debug|Any CPU
		{6114BB88-5770-496D-A3DF-36F2F3EDCC53}.Debug|Any CPU.Build.0 = Debug|Any CPU
		{6114BB88-5770-496D-A3DF-36F2F3EDCC53}.Release|Any CPU.ActiveCfg = Release|Any CPU
		{6114BB88-5770-496D-A3DF-36F2F3EDCC53}.Release|Any CPU.Build.0 = Release|Any CPU
	EndGlobalSection
	GlobalSection(SolutionProperties) = preSolution
		HideSolutionNode = FALSE
	EndGlobalSection
	GlobalSection(ExtensibilityGlobals) = postSolution
		SolutionGuid = {A64F804B-FE4F-42A4-9911-67701BEBA40D}
	EndGlobalSection
EndGlobal
